// !$*UTF8*$!
{
	archiveVersion = 1;
	classes = {
	};
	objectVersion = 56;
	objects = {

/* Begin PBXBuildFile section */
		D3C6D22F2B40384C0031F1A1 /* drawer.swift in Sources */ = {isa = PBXBuildFile; fileRef = D3C6D22E2B40384C0031F1A1 /* drawer.swift */; };
		D3C6D2312B403AE70031F1A1 /* covers.swift in Sources */ = {isa = PBXBuildFile; fileRef = D3C6D2302B403AE70031F1A1 /* covers.swift */; };
		D3C6D2342B403B180031F1A1 /* coverData.swift in Sources */ = {isa = PBXBuildFile; fileRef = D3C6D2332B403B180031F1A1 /* coverData.swift */; };
		D3C6D2362B4043110031F1A1 /* controlView.swift in Sources */ = {isa = PBXBuildFile; fileRef = D3C6D2352B4043110031F1A1 /* controlView.swift */; };
		D3C6D2382B405C4E0031F1A1 /* panalView.swift in Sources */ = {isa = PBXBuildFile; fileRef = D3C6D2372B405C4E0031F1A1 /* panalView.swift */; };
		D3CC2AC12B3C632F00D61BEB /* national_GeographyApp.swift in Sources */ = {isa = PBXBuildFile; fileRef = D3CC2AC02B3C632F00D61BEB /* national_GeographyApp.swift */; };
		D3CC2AC32B3C632F00D61BEB /* ContentView.swift in Sources */ = {isa = PBXBuildFile; fileRef = D3CC2AC22B3C632F00D61BEB /* ContentView.swift */; };
		D3CC2AC52B3C633100D61BEB /* Assets.xcassets in Resources */ = {isa = PBXBuildFile; fileRef = D3CC2AC42B3C633100D61BEB /* Assets.xcassets */; };
		D3CC2AC82B3C633100D61BEB /* Preview Assets.xcassets in Resources */ = {isa = PBXBuildFile; fileRef = D3CC2AC72B3C633100D61BEB /* Preview Assets.xcassets */; };
/* End PBXBuildFile section */

/* Begin PBXFileReference section */
		D3C6D22E2B40384C0031F1A1 /* drawer.swift */ = {isa = PBXFileReference; lastKnownFileType = sourcecode.swift; path = drawer.swift; sourceTree = "<group>"; };
		D3C6D2302B403AE70031F1A1 /* covers.swift */ = {isa = PBXFileReference; lastKnownFileType = sourcecode.swift; path = covers.swift; sourceTree = "<group>"; };
		D3C6D2332B403B180031F1A1 /* coverData.swift */ = {isa = PBXFileReference; lastKnownFileType = sourcecode.swift; path = coverData.swift; sourceTree = "<group>"; };
		D3C6D2352B4043110031F1A1 /* controlView.swift */ = {isa = PBXFileReference; lastKnownFileType = sourcecode.swift; path = controlView.swift; sourceTree = "<group>"; };
		D3C6D2372B405C4E0031F1A1 /* panalView.swift */ = {isa = PBXFileReference; lastKnownFileType = sourcecode.swift; path = panalView.swift; sourceTree = "<group>"; };
		D3CC2ABD2B3C632F00D61BEB /* national_Geography.app */ = {isa = PBXFileReference; explicitFileType = wrapper.application; includeInIndex = 0; path = national_Geography.app; sourceTree = BUILT_PRODUCTS_DIR; };
		D3CC2AC02B3C632F00D61BEB /* national_GeographyApp.swift */ = {isa = PBXFileReference; lastKnownFileType = sourcecode.swift; path = national_GeographyApp.swift; sourceTree = "<group>"; };
		D3CC2AC22B3C632F00D61BEB /* ContentView.swift */ = {isa = PBXFileReference; lastKnownFileType = sourcecode.swift; path = ContentView.swift; sourceTree = "<group>"; };
		D3CC2AC42B3C633100D61BEB /* Assets.xcassets */ = {isa = PBXFileReference; lastKnownFileType = folder.assetcatalog; path = Assets.xcassets; sourceTree = "<group>"; };
		D3CC2AC72B3C633100D61BEB /* Preview Assets.xcassets */ = {isa = PBXFileReference; lastKnownFileType = folder.assetcatalog; path = "Preview Assets.xcassets"; sourceTree = "<group>"; };
		D3CC2ACE2B3C653D00D61BEB /* national-Geography-Info.plist */ = {isa = PBXFileReference; lastKnownFileType = text.plist; path = "national-Geography-Info.plist"; sourceTree = SOURCE_ROOT; };
/* End PBXFileReference section */

/* Begin PBXFrameworksBuildPhase section */
		D3CC2ABA2B3C632F00D61BEB /* Frameworks */ = {
			isa = PBXFrameworksBuildPhase;
			buildActionMask = 2147483647;
			files = (
			);
			runOnlyForDeploymentPostprocessing = 0;
		};
/* End PBXFrameworksBuildPhase section */

/* Begin PBXGroup section */
		D3C6D22B2B40381C0031F1A1 /* view */ = {
			isa = PBXGroup;
			children = (
				D3CC2AC02B3C632F00D61BEB /* national_GeographyApp.swift */,
				D3CC2AC22B3C632F00D61BEB /* ContentView.swift */,
			);
			path = view;
			sourceTree = "<group>";
		};
		D3C6D22C2B4038240031F1A1 /* model */ = {
			isa = PBXGroup;
			children = (
				D3C6D2302B403AE70031F1A1 /* covers.swift */,
			);
			path = model;
			sourceTree = "<group>";
		};
		D3C6D22D2B4038330031F1A1 /* componenet */ = {
			isa = PBXGroup;
			children = (
				D3C6D22E2B40384C0031F1A1 /* drawer.swift */,
				D3C6D2352B4043110031F1A1 /* controlView.swift */,
				D3C6D2372B405C4E0031F1A1 /* panalView.swift */,
			);
			path = componenet;
			sourceTree = "<group>";
		};
		D3C6D2322B403B0C0031F1A1 /* data */ = {
			isa = PBXGroup;
			children = (
				D3C6D2332B403B180031F1A1 /* coverData.swift */,
			);
			path = data;
			sourceTree = "<group>";
		};
		D3CC2AB42B3C632F00D61BEB = {
			isa = PBXGroup;
			children = (
				D3CC2ABF2B3C632F00D61BEB /* national_Geography */,
				D3CC2ABE2B3C632F00D61BEB /* Products */,
			);
			sourceTree = "<group>";
		};
		D3CC2ABE2B3C632F00D61BEB /* Products */ = {
			isa = PBXGroup;
			children = (
				D3CC2ABD2B3C632F00D61BEB /* national_Geography.app */,
			);
			name = Products;
			sourceTree = "<group>";
		};
		D3CC2ABF2B3C632F00D61BEB /* national_Geography */ = {
			isa = PBXGroup;
			children = (
				D3C6D2322B403B0C0031F1A1 /* data */,
				D3C6D22D2B4038330031F1A1 /* componenet */,
				D3C6D22C2B4038240031F1A1 /* model */,
				D3C6D22B2B40381C0031F1A1 /* view */,
				D3CC2ACE2B3C653D00D61BEB /* national-Geography-Info.plist */,
				D3CC2AC42B3C633100D61BEB /* Assets.xcassets */,
				D3CC2AC62B3C633100D61BEB /* Preview Content */,
			);
			path = national_Geography;
			sourceTree = "<group>";
		};
		D3CC2AC62B3C633100D61BEB /* Preview Content */ = {
			isa = PBXGroup;
			children = (
				D3CC2AC72B3C633100D61BEB /* Preview Assets.xcassets */,
			);
			path = "Preview Content";
			sourceTree = "<group>";
		};
/* End PBXGroup section */

/* Begin PBXNativeTarget section */
		D3CC2ABC2B3C632F00D61BEB /* national_Geography */ = {
			isa = PBXNativeTarget;
			buildConfigurationList = D3CC2ACB2B3C633100D61BEB /* Build configuration list for PBXNativeTarget "national_Geography" */;
			buildPhases = (
				D3CC2AB92B3C632F00D61BEB /* Sources */,
				D3CC2ABA2B3C632F00D61BEB /* Frameworks */,
				D3CC2ABB2B3C632F00D61BEB /* Resources */,
			);
			buildRules = (
			);
			dependencies = (
			);
			name = national_Geography;
			productName = national_Geography;
			productReference = D3CC2ABD2B3C632F00D61BEB /* national_Geography.app */;
			productType = "com.apple.product-type.application";
		};
/* End PBXNativeTarget section */

/* Begin PBXProject section */
		D3CC2AB52B3C632F00D61BEB /* Project object */ = {
			isa = PBXProject;
			attributes = {
				BuildIndependentTargetsInParallel = 1;
				LastSwiftUpdateCheck = 1510;
				LastUpgradeCheck = 1510;
				TargetAttributes = {
					D3CC2ABC2B3C632F00D61BEB = {
						CreatedOnToolsVersion = 15.1;
					};
				};
			};
			buildConfigurationList = D3CC2AB82B3C632F00D61BEB /* Build configuration list for PBXProject "national_Geography" */;
			compatibilityVersion = "Xcode 14.0";
			developmentRegion = en;
			hasScannedForEncodings = 0;
			knownRegions = (
				en,
				Base,
			);
			mainGroup = D3CC2AB42B3C632F00D61BEB;
			productRefGroup = D3CC2ABE2B3C632F00D61BEB /* Products */;
			projectDirPath = "";
			projectRoot = "";
			targets = (
				D3CC2ABC2B3C632F00D61BEB /* national_Geography */,
			);
		};
/* End PBXProject section */

/* Begin PBXResourcesBuildPhase section */
		D3CC2ABB2B3C632F00D61BEB /* Resources */ = {
			isa = PBXResourcesBuildPhase;
			buildActionMask = 2147483647;
			files = (
				D3CC2AC82B3C633100D61BEB /* Preview Assets.xcassets in Resources */,
				D3CC2AC52B3C633100D61BEB /* Assets.xcassets in Resources */,
			);
			runOnlyForDeploymentPostprocessing = 0;
		};
/* End PBXResourcesBuildPhase section */

/* Begin PBXSourcesBuildPhase section */
		D3CC2AB92B3C632F00D61BEB /* Sources */ = {
			isa = PBXSourcesBuildPhase;
			buildActionMask = 2147483647;
			files = (
				D3CC2AC32B3C632F00D61BEB /* ContentView.swift in Sources */,
				D3C6D2312B403AE70031F1A1 /* covers.swift in Sources */,
				D3C6D2362B4043110031F1A1 /* controlView.swift in Sources */,
				D3C6D22F2B40384C0031F1A1 /* drawer.swift in Sources */,
				D3C6D2342B403B180031F1A1 /* coverData.swift in Sources */,
				D3C6D2382B405C4E0031F1A1 /* panalView.swift in Sources */,
				D3CC2AC12B3C632F00D61BEB /* national_GeographyApp.swift in Sources */,
			);
			runOnlyForDeploymentPostprocessing = 0;
		};
/* End PBXSourcesBuildPhase section */

/* Begin XCBuildConfiguration section */
		D3CC2AC92B3C633100D61BEB /* Debug */ = {
			isa = XCBuildConfiguration;
			buildSettings = {
				ALWAYS_SEARCH_USER_PATHS = NO;
				ASSETCATALOG_COMPILER_GENERATE_SWIFT_ASSET_SYMBOL_EXTENSIONS = YES;
				CLANG_ANALYZER_NONNULL = YES;
				CLANG_ANALYZER_NUMBER_OBJECT_CONVERSION = YES_AGGRESSIVE;
				CLANG_CXX_LANGUAGE_STANDARD = "gnu++20";
				CLANG_ENABLE_MODULES = YES;
				CLANG_ENABLE_OBJC_ARC = YES;
				CLANG_ENABLE_OBJC_WEAK = YES;
				CLANG_WARN_BLOCK_CAPTURE_AUTORELEASING = YES;
				CLANG_WARN_BOOL_CONVERSION = YES;
				CLANG_WARN_COMMA = YES;
				CLANG_WARN_CONSTANT_CONVERSION = YES;
				CLANG_WARN_DEPRECATED_OBJC_IMPLEMENTATIONS = YES;
				CLANG_WARN_DIRECT_OBJC_ISA_USAGE = YES_ERROR;
				CLANG_WARN_DOCUMENTATION_COMMENTS = YES;
				CLANG_WARN_EMPTY_BODY = YES;
				CLANG_WARN_ENUM_CONVERSION = YES;
				CLANG_WARN_INFINITE_RECURSION = YES;
				CLANG_WARN_INT_CONVERSION = YES;
				CLANG_WARN_NON_LITERAL_NULL_CONVERSION = YES;
				CLANG_WARN_OBJC_IMPLICIT_RETAIN_SELF = YES;
				CLANG_WARN_OBJC_LITERAL_CONVERSION = YES;
				CLANG_WARN_OBJC_ROOT_CLASS = YES_ERROR;
				CLANG_WARN_QUOTED_INCLUDE_IN_FRAMEWORK_HEADER = YES;
				CLANG_WARN_RANGE_LOOP_ANALYSIS = YES;
				CLANG_WARN_STRICT_PROTOTYPES = YES;
				CLANG_WARN_SUSPICIOUS_MOVE = YES;
				CLANG_WARN_UNGUARDED_AVAILABILITY = YES_AGGRESSIVE;
				CLANG_WARN_UNREACHABLE_CODE = YES;
				CLANG_WARN__DUPLICATE_METHOD_MATCH = YES;
				COPY_PHASE_STRIP = NO;
				DEBUG_INFORMATION_FORMAT = dwarf;
				ENABLE_STRICT_OBJC_MSGSEND = YES;
				ENABLE_TESTABILITY = YES;
				ENABLE_USER_SCRIPT_SANDBOXING = YES;
				GCC_C_LANGUAGE_STANDARD = gnu17;
				GCC_DYNAMIC_NO_PIC = NO;
				GCC_NO_COMMON_BLOCKS = YES;
				GCC_OPTIMIZATION_LEVEL = 0;
				GCC_PREPROCESSOR_DEFINITIONS = (
					"DEBUG=1",
					"$(inherited)",
				);
				GCC_WARN_64_TO_32_BIT_CONVERSION = YES;
				GCC_WARN_ABOUT_RETURN_TYPE = YES_ERROR;
				GCC_WARN_UNDECLARED_SELECTOR = YES;
				GCC_WARN_UNINITIALIZED_AUTOS = YES_AGGRESSIVE;
				GCC_WARN_UNUSED_FUNCTION = YES;
				GCC_WARN_UNUSED_VARIABLE = YES;
				IPHONEOS_DEPLOYMENT_TARGET = 17.2;
				LOCALIZATION_PREFERS_STRING_CATALOGS = YES;
				MTL_ENABLE_DEBUG_INFO = INCLUDE_SOURCE;
				MTL_FAST_MATH = YES;
				ONLY_ACTIVE_ARCH = YES;
				SDKROOT = iphoneos;
				SWIFT_ACTIVE_COMPILATION_CONDITIONS = "DEBUG $(inherited)";
				SWIFT_OPTIMIZATION_LEVEL = "-Onone";
			};
			name = Debug;
		};
		D3CC2ACA2B3C633100D61BEB /* Release */ = {
			isa = XCBuildConfiguration;
			buildSettings = {
				ALWAYS_SEARCH_USER_PATHS = NO;
				ASSETCATALOG_COMPILER_GENERATE_SWIFT_ASSET_SYMBOL_EXTENSIONS = YES;
				CLANG_ANALYZER_NONNULL = YES;
				CLANG_ANALYZER_NUMBER_OBJECT_CONVERSION = YES_AGGRESSIVE;
				CLANG_CXX_LANGUAGE_STANDARD = "gnu++20";
				CLANG_ENABLE_MODULES = YES;
				CLANG_ENABLE_OBJC_ARC = YES;
				CLANG_ENABLE_OBJC_WEAK = YES;
				CLANG_WARN_BLOCK_CAPTURE_AUTORELEASING = YES;
				CLANG_WARN_BOOL_CONVERSION = YES;
				CLANG_WARN_COMMA = YES;
				CLANG_WARN_CONSTANT_CONVERSION = YES;
				CLANG_WARN_DEPRECATED_OBJC_IMPLEMENTATIONS = YES;
				CLANG_WARN_DIRECT_OBJC_ISA_USAGE = YES_ERROR;
				CLANG_WARN_DOCUMENTATION_COMMENTS = YES;
				CLANG_WARN_EMPTY_BODY = YES;
				CLANG_WARN_ENUM_CONVERSION = YES;
				CLANG_WARN_INFINITE_RECURSION = YES;
				CLANG_WARN_INT_CONVERSION = YES;
				CLANG_WARN_NON_LITERAL_NULL_CONVERSION = YES;
				CLANG_WARN_OBJC_IMPLICIT_RETAIN_SELF = YES;
				CLANG_WARN_OBJC_LITERAL_CONVERSION = YES;
				CLANG_WARN_OBJC_ROOT_CLASS = YES_ERROR;
				CLANG_WARN_QUOTED_INCLUDE_IN_FRAMEWORK_HEADER = YES;
				CLANG_WARN_RANGE_LOOP_ANALYSIS = YES;
				CLANG_WARN_STRICT_PROTOTYPES = YES;
				CLANG_WARN_SUSPICIOUS_MOVE = YES;
				CLANG_WARN_UNGUARDED_AVAILABILITY = YES_AGGRESSIVE;
				CLANG_WARN_UNREACHABLE_CODE = YES;
				CLANG_WARN__DUPLICATE_METHOD_MATCH = YES;
				COPY_PHASE_STRIP = NO;
				DEBUG_INFORMATION_FORMAT = "dwarf-with-dsym";
				ENABLE_NS_ASSERTIONS = NO;
				ENABLE_STRICT_OBJC_MSGSEND = YES;
				ENABLE_USER_SCRIPT_SANDBOXING = YES;
				GCC_C_LANGUAGE_STANDARD = gnu17;
				GCC_NO_COMMON_BLOCKS = YES;
				GCC_WARN_64_TO_32_BIT_CONVERSION = YES;
				GCC_WARN_ABOUT_RETURN_TYPE = YES_ERROR;
				GCC_WARN_UNDECLARED_SELECTOR = YES;
				GCC_WARN_UNINITIALIZED_AUTOS = YES_AGGRESSIVE;
				GCC_WARN_UNUSED_FUNCTION = YES;
				GCC_WARN_UNUSED_VARIABLE = YES;
				IPHONEOS_DEPLOYMENT_TARGET = 17.2;
				LOCALIZATION_PREFERS_STRING_CATALOGS = YES;
				MTL_ENABLE_DEBUG_INFO = NO;
				MTL_FAST_MATH = YES;
				SDKROOT = iphoneos;
				SWIFT_COMPILATION_MODE = wholemodule;
				VALIDATE_PRODUCT = YES;
			};
			name = Release;
		};
		D3CC2ACC2B3C633100D61BEB /* Debug */ = {
			isa = XCBuildConfiguration;
			buildSettings = {
				ASSETCATALOG_COMPILER_APPICON_NAME = AppIcon;
				ASSETCATALOG_COMPILER_GLOBAL_ACCENT_COLOR_NAME = AccentColor;
				CODE_SIGN_STYLE = Automatic;
				CURRENT_PROJECT_VERSION = 1;
				DEVELOPMENT_ASSET_PATHS = "\"national_Geography/Preview Content\"";
				DEVELOPMENT_TEAM = Y9WFT4L662;
				ENABLE_PREVIEWS = YES;
				GENERATE_INFOPLIST_FILE = YES;
				INFOPLIST_FILE = "national-Geography-Info.plist";
				INFOPLIST_KEY_UIApplicationSceneManifest_Generation = YES;
				INFOPLIST_KEY_UIApplicationSupportsIndirectInputEvents = YES;
				INFOPLIST_KEY_UISupportedInterfaceOrientations_iPad = "UIInterfaceOrientationPortrait UIInterfaceOrientationPortraitUpsideDown UIInterfaceOrientationLandscapeLeft UIInterfaceOrientationLandscapeRight";
				INFOPLIST_KEY_UISupportedInterfaceOrientations_iPhone = "UIInterfaceOrientationPortrait UIInterfaceOrientationLandscapeLeft UIInterfaceOrientationLandscapeRight";
				LD_RUNPATH_SEARCH_PATHS = (
					"$(inherited)",
					"@executable_path/Frameworks",
				);
				MARKETING_VERSION = 1.0;
				PRODUCT_BUNDLE_IDENTIFIER = "Mohamed-Abd-Elhakam.national-Geography";
				PRODUCT_NAME = "$(TARGET_NAME)";
				SWIFT_EMIT_LOC_STRINGS = YES;
				SWIFT_VERSION = 5.0;
				TARGETED_DEVICE_FAMILY = "1,2";
			};
			name = Debug;
		};
		D3CC2ACD2B3C633100D61BEB /* Release */ = {
			isa = XCBuildConfiguration;
			buildSettings = {
				ASSETCATALOG_COMPILER_APPICON_NAME = AppIcon;
				ASSETCATALOG_COMPILER_GLOBAL_ACCENT_COLOR_NAME = AccentColor;
				CODE_SIGN_STYLE = Automatic;
				CURRENT_PROJECT_VERSION = 1;
				DEVELOPMENT_ASSET_PATHS = "\"national_Geography/Preview Content\"";
				DEVELOPMENT_TEAM = Y9WFT4L662;
				ENABLE_PREVIEWS = YES;
				GENERATE_INFOPLIST_FILE = YES;
				INFOPLIST_FILE = "national-Geography-Info.plist";
				INFOPLIST_KEY_UIApplicationSceneManifest_Generation = YES;
				INFOPLIST_KEY_UIApplicationSupportsIndirectInputEvents = YES;
				INFOPLIST_KEY_UISupportedInterfaceOrientations_iPad = "UIInterfaceOrientationPortrait UIInterfaceOrientationPortraitUpsideDown UIInterfaceOrientationLandscapeLeft UIInterfaceOrientationLandscapeRight";
				INFOPLIST_KEY_UISupportedInterfaceOrientations_iPhone = "UIInterfaceOrientationPortrait UIInterfaceOrientationLandscapeLeft UIInterfaceOrientationLandscapeRight";
				LD_RUNPATH_SEARCH_PATHS = (
					"$(inherited)",
					"@executable_path/Frameworks",
				);
				MARKETING_VERSION = 1.0;
				PRODUCT_BUNDLE_IDENTIFIER = "Mohamed-Abd-Elhakam.national-Geography";
				PRODUCT_NAME = "$(TARGET_NAME)";
				SWIFT_EMIT_LOC_STRINGS = YES;
				SWIFT_VERSION = 5.0;
				TARGETED_DEVICE_FAMILY = "1,2";
			};
			name = Release;
		};
/* End XCBuildConfiguration section */

/* Begin XCConfigurationList section */
		D3CC2AB82B3C632F00D61BEB /* Build configuration list for PBXProject "national_Geography" */ = {
			isa = XCConfigurationList;
			buildConfigurations = (
				D3CC2AC92B3C633100D61BEB /* Debug */,
				D3CC2ACA2B3C633100D61BEB /* Release */,
			);
			defaultConfigurationIsVisible = 0;
			defaultConfigurationName = Release;
		};
		D3CC2ACB2B3C633100D61BEB /* Build configuration list for PBXNativeTarget "national_Geography" */ = {
			isa = XCConfigurationList;
			buildConfigurations = (
				D3CC2ACC2B3C633100D61BEB /* Debug */,
				D3CC2ACD2B3C633100D61BEB /* Release */,
			);
			defaultConfigurationIsVisible = 0;
			defaultConfigurationName = Release;
		};
/* End XCConfigurationList section */
	};
	rootObject = D3CC2AB52B3C632F00D61BEB /* Project object */;
}
